
Microsoft Visual Studio Solution File, Format Version 12.00
# Visual Studio Version 17
VisualStudioVersion = 17.10.35004.147
MinimumVisualStudioVersion = 10.0.40219.1
Project("{9A19103F-16F7-4668-BE54-9A1E7A4F7556}") = "ManuscriptMaster", "ManuscriptMaster\ManuscriptMaster.csproj", "{E0AEB4E6-836B-47DB-8AE7-45153E69D7B3}"
EndProject
Project("{9A19103F-16F7-4668-BE54-9A1E7A4F7556}") = "ManuscriptMaster.DAL", "ManuscriptMaster.DAL\ManuscriptMaster.DAL.csproj", "{4E7E3EB9-D967-4D40-B5A1-F780962CA9B8}"
EndProject
Project("{9A19103F-16F7-4668-BE54-9A1E7A4F7556}") = "ManuscriptMaster.Domain", "ManuscriptMaster.Domain\ManuscriptMaster.Domain.csproj", "{FA2CD8C7-BF1F-4CE7-A9BF-26ADFECA19BB}"
EndProject
Project("{FAE04EC0-301F-11D3-BF4B-00C04F79EFBC}") = "ManuscriptMaster.Service", "ManuscriptMaster.Service\ManuscriptMaster.Service.csproj", "{60BDFE7A-0756-4C64-808D-6B5BE05887E4}"
EndProject
Global
	GlobalSection(SolutionConfigurationPlatforms) = preSolution
		Debug|Any CPU = Debug|Any CPU
		Release|Any CPU = Release|Any CPU
	EndGlobalSection
	GlobalSection(ProjectConfigurationPlatforms) = postSolution
		{E0AEB4E6-836B-47DB-8AE7-45153E69D7B3}.Debug|Any CPU.ActiveCfg = Debug|Any CPU
		{E0AEB4E6-836B-47DB-8AE7-45153E69D7B3}.Debug|Any CPU.Build.0 = Debug|Any CPU
		{E0AEB4E6-836B-47DB-8AE7-45153E69D7B3}.Release|Any CPU.ActiveCfg = Release|Any CPU
		{E0AEB4E6-836B-47DB-8AE7-45153E69D7B3}.Release|Any CPU.Build.0 = Release|Any CPU
		{4E7E3EB9-D967-4D40-B5A1-F780962CA9B8}.Debug|Any CPU.ActiveCfg = Debug|Any CPU
		{4E7E3EB9-D967-4D40-B5A1-F780962CA9B8}.Debug|Any CPU.Build.0 = Debug|Any CPU
		{4E7E3EB9-D967-4D40-B5A1-F780962CA9B8}.Release|Any CPU.ActiveCfg = Release|Any CPU
		{4E7E3EB9-D967-4D40-B5A1-F780962CA9B8}.Release|Any CPU.Build.0 = Release|Any CPU
		{FA2CD8C7-BF1F-4CE7-A9BF-26ADFECA19BB}.Debug|Any CPU.ActiveCfg = Debug|Any CPU
		{FA2CD8C7-BF1F-4CE7-A9BF-26ADFECA19BB}.Debug|Any CPU.Build.0 = Debug|Any CPU
		{FA2CD8C7-BF1F-4CE7-A9BF-26ADFECA19BB}.Release|Any CPU.ActiveCfg = Release|Any CPU
		{FA2CD8C7-BF1F-4CE7-A9BF-26ADFECA19BB}.Release|Any CPU.Build.0 = Release|Any CPU
		{60BDFE7A-0756-4C64-808D-6B5BE05887E4}.Debug|Any CPU.ActiveCfg = Debug|Any CPU
		{60BDFE7A-0756-4C64-808D-6B5BE05887E4}.Debug|Any CPU.Build.0 = Debug|Any CPU
		{60BDFE7A-0756-4C64-808D-6B5BE05887E4}.Release|Any CPU.ActiveCfg = Release|Any CPU
		{60BDFE7A-0756-4C64-808D-6B5BE05887E4}.Release|Any CPU.Build.0 = Release|Any CPU
	EndGlobalSection
	GlobalSection(SolutionProperties) = preSolution
		HideSolutionNode = FALSE
	EndGlobalSection
	GlobalSection(ExtensibilityGlobals) = postSolution
		SolutionGuid = {D0073D29-852A-4BB2-A841-0AB76725DB4C}
	EndGlobalSection
EndGlobal
